github.com/fxamacker/cbor/v2 v2.9.0 h1:NpKPmjDBgUfBms6tr6JZkTHtfFGcMKsw3eGcmD/sapM=
github.com/fxamacker/cbor/v2 v2.9.0/go.mod h1:vM4b+DJCtHn+zz7h3FFp/hDAI9WNWCsZj23V5ytsSxQ=
github.com/hugelgupf/socketpair v0.0.0-20230822150718-707395b1939a h1:Nq7wDsqsVBUBfGn8yB1M028ShWTKTtZBcafaTJ35N0s=
github.com/hugelgupf/socketpair v0.0.0-20230822150718-707395b1939a/go.mod h1:71Bqb5Fh9zPHF8jwdmMEmJObzr25Mx5pWLbDBMMEn6E=
github.com/mitchellh/mapstructure v1.5.0 h1:jeMsZIYE/09sWLaz43PL7Gy6RuMjD2eJVyuac5Z2hdY=
github.com/mitchellh/mapstructure v1.5.0/go.mod h1:bFUtVrKA4DC2yAKiSyO/QUcy7e+RRV2QTWOzhPopBRo=
github.com/progrium/p9 v0.0.0-20251108235831-1c1dfeb38c1e h1:+qqlsH4r/1Y9O1F/WPklEtzDYnbYeWEmjFAY35O+SQ8=
github.com/progrium/p9 v0.0.0-20251108235831-1c1dfeb38c1e/go.mod h1:LoNwfBWP+QlCkjS1GFNylCthRIk/TkMZd6ICTbC+hrI=
github.com/progrium/sys-wasm v0.0.0-20240620081741-5ccc4fc17421 h1:rZxY8XmF6OkSGkgyBabEVxOkpq8uoHiA7ud7Gf5Xd+Q=
github.com/progrium/sys-wasm v0.0.0-20240620081741-5ccc4fc17421/go.mod h1:/VUhepiaJMQUp4+oa/7Zr1D23ma6VTLIYjOOTFZPUcA=
github.com/u-root/uio v0.0.0-20240224005618-d2acac8f3701 h1:pyC9PaHYZFgEKFdlp3G8RaCKgVpHZnecvArXvPXcFkM=
github.com/u-root/uio v0.0.0-20240224005618-d2acac8f3701/go.mod h1:P3a5rG4X7tI17Nn3aOIAYr5HbIMukwXG0urG0WuL8OA=
github.com/x448/float16 v0.8.4 h1:qLwI1I70+NjRFUR3zs1JPUCgaCXSh3SW62uAKT1mSBM=
github.com/x448/float16 v0.8.4/go.mod h1:14CWIYCyZA/cWjXOioeEpHeN/83MdbZDRQHoFcYsOfg=
golang.org/x/net v0.39.0 h1:ZCu7HMWDxpXpaiKdhzIfaltL9Lp31x/3fCP11bc6/fY=
golang.org/x/net v0.39.0/go.mod h1:X7NRbYVEA+ewNkCNyJ513WmMdQ3BineSwVtN2zD/d+E=
golang.org/x/net v0.47.0 h1:Mx+4dIFzqraBXUugkia1OOvlD6LemFo1ALMHjrXDOhY=
golang.org/x/net v0.47.0/go.mod h1:/jNxtkgq5yWUGYkaZGqo27cfGZ1c5Nen03aYrrKpVRU=
tractor.dev/toolkit-go v0.0.0-20250103001615-9a6753936c19 h1:ODcU8zhYvUtfGJ3KeMhtlA942ScAQMT3KU0O1oBg8Sw=
tractor.dev/toolkit-go v0.0.0-20250103001615-9a6753936c19/go.mod h1:vI9Jf9tepHLrUqGQf7XZuRcQySNajWRKBjPD4+Ay72I=
tractor.dev/wanix v0.0.0-20251108165506-ba55d40efd2c h1:f4HZ4O0Vcs9/RBN08+2+Ivmkute4JV8MEYBMQgnwwRY=
tractor.dev/wanix v0.0.0-20251108165506-ba55d40efd2c/go.mod h1:qcpx285zeq9TvSqky2aHaFe531DYOAvgq5TWiclhn+o=
tractor.dev/wanix v0.0.0-20251119011735-746be78ff95c h1:NJFneN63IJJTVidnOiZqnyty2Be0rP5PSX8yH4A2fPI=
tractor.dev/wanix v0.0.0-20251119011735-746be78ff95c/go.mod h1:SNCIfmlU9noiVhntMcTa6Hxcr0jdINRdYi6ZDpau/oU=
tractor.dev/wanix v0.0.0-20251202012200-d92345b7417e h1:KuYa4xcqcLobvLUAaK5jE5/Du6nVVtv9Ie2P54d69Ng=
tractor.dev/wanix v0.0.0-20251202012200-d92345b7417e/go.mod h1:SNCIfmlU9noiVhntMcTa6Hxcr0jdINRdYi6ZDpau/oU=
tractor.dev/wanix v0.0.0-20251203091228-5d5d625caf78 h1:5SqLb1rZrJZqGxt+vvAF/Bszx5fyNG+LhudIBBIb50Y=
tractor.dev/wanix v0.0.0-20251203091228-5d5d625caf78/go.mod h1:SNCIfmlU9noiVhntMcTa6Hxcr0jdINRdYi6ZDpau/oU=
