github.com/mitchellh/mapstructure v1.4.3 h1:OVowDSCllw/YjdLkam3/sm7wEtOy59d8ndGgCcyj8cs=
github.com/mitchellh/mapstructure v1.4.3/go.mod h1:bFUtVrKA4DC2yAKiSyO/QUcy7e+RRV2QTWOzhPopBRo=
github.com/progrium/qtalk-go v0.5.1-0.20220304004920-63c76b555fb1 h1:TqB4c3zHNoY6q6hqX4EOCQ8biqkTE8hoBTgBfftGGMw=
github.com/progrium/qtalk-go v0.5.1-0.20220304004920-63c76b555fb1/go.mod h1:zAvCVqglCVTp54Dz01xp2g3X1K219WEZUxuK03EZ9ug=
github.com/progrium/qtalk-go v0.5.1-0.20220310235116-55d5168d5344 h1:76aN9uvGCktN1aBlSYC+Nt+XbC9ykCCL0BZ6fItr2U8=
github.com/progrium/qtalk-go v0.5.1-0.20220310235116-55d5168d5344/go.mod h1:zAvCVqglCVTp54Dz01xp2g3X1K219WEZUxuK03EZ9ug=
github.com/rs/xid v1.3.0/go.mod h1:trrq9SKmegXys3aeAKXMUTdJsYXVwGY3RLcfgqegfbg=
golang.org/x/net v0.0.0-20210420210106-798c2154c571 h1:Q6Bg8xzKzpFPU4Oi1sBnBTHBwlMsLeEXpu4hYBY8rAg=
golang.org/x/net v0.0.0-20210420210106-798c2154c571/go.mod h1:72T/g9IO56b78aLF+1Kcs5dz7/ng1VjMUvfKvpfy+jM=
golang.org/x/sys v0.0.0-20201119102817-f84b799fce68/go.mod h1:h1NjWce9XRLGQEsW7wpKNCjG9DtNlClVuFLEZdDNbEs=
golang.org/x/sys v0.0.0-20210420072515-93ed5bcd2bfe/go.mod h1:h1NjWce9XRLGQEsW7wpKNCjG9DtNlClVuFLEZdDNbEs=
golang.org/x/term v0.0.0-20201126162022-7de9c90e9dd1/go.mod h1:bj7SfCRtBDWHUb9snDiAeCFNEtKQo2Wmx5Cou7ajbmo=
golang.org/x/text v0.3.6/go.mod h1:5Zoc/QRtKVWzQhOtBMvqHzDpF6irO9z98xDceosuGiQ=
golang.org/x/tools v0.0.0-20180917221912-90fa682c2a6e/go.mod h1:n7NCudcB/nEzxVGmLbDWY5pfWTLqBcC2KZ6jyYvM4mQ=
