{
  "name": "worker",
  "lockfileVersion": 3,
  "requires": true,
  "packages": {
    "": {
      "dependencies": {
        "@cloudflare/containers": "^0.0.25",
        "mime": "^4.1.0",
        "modern-tar": "^0.5.4"
      }
    },
    "node_modules/@cloudflare/containers": {
      "version": "0.0.25",
      "resolved": "https://registry.npmjs.org/@cloudflare/containers/-/containers-0.0.25.tgz",
      "integrity": "sha512-41sCUwGPhMMQI/kwksEZXNWe/GZdQoIy8QlgO4NAF68M4y4NN41IXeQ4n2jn4iJ7tHaV4noe7RI75b7T6h2JGg==",
      "license": "ISC"
    },
    "node_modules/mime": {
      "version": "4.1.0",
      "resolved": "https://registry.npmjs.org/mime/-/mime-4.1.0.tgz",
      "integrity": "sha512-X5ju04+cAzsojXKes0B/S4tcYtFAJ6tTMuSPBEn9CPGlrWr8Fiw7qYeLT0XyH80HSoAoqWCaz+MWKh22P7G1cw==",
      "funding": [
        "https://github.com/sponsors/broofa"
      ],
      "license": "MIT",
      "bin": {
        "mime": "bin/cli.js"
      },
      "engines": {
        "node": ">=16"
      }
    },
    "node_modules/modern-tar": {
      "version": "0.5.4",
      "resolved": "https://registry.npmjs.org/modern-tar/-/modern-tar-0.5.4.tgz",
      "integrity": "sha512-WqxWd82TgUbnindiHcXV8+H6qS0MlN5zrgwKm2gD5M+JyHyCk22xw3RLfpR8cHrQCQwsNIxQu+ve0SumlaLGQQ==",
      "license": "MIT",
      "engines": {
        "node": ">=18.0.0"
      }
    }
  }
}
