{
    "name": "cf-shell",
    "lockfileVersion": 3,
    "requires": true,
    "packages": {
        "": {
            "dependencies": {
                "@cloudflare/containers": "^0.0.25"
            }
        },
        "node_modules/@cloudflare/containers": {
            "version": "0.0.25",
            "resolved": "https://registry.npmjs.org/@cloudflare/containers/-/containers-0.0.25.tgz",
            "integrity": "sha512-41sCUwGPhMMQI/kwksEZXNWe/GZdQoIy8QlgO4NAF68M4y4NN41IXeQ4n2jn4iJ7tHaV4noe7RI75b7T6h2JGg==",
            "license": "ISC"
        }
    }
}
